
Microsoft Visual Studio Solution File, Format Version 12.00
# Visual Studio Version 17
VisualStudioVersion = 17.0.31903.59
MinimumVisualStudioVersion = 10.0.40219.1
Project("{FAE04EC0-301F-11D3-BF4B-00C04F79EFBC}") = "AdvancedPenumbraItemConverter", "AdvancedPenumbraItemConverter.csproj", "{A1B2C3D4-E5F6-7890-ABCD-EF1234567890}"
EndProject
Project("{FAE04EC0-301F-11D3-BF4B-00C04F79EFBC}") = "AdvancedPenumbraItemConverter.Core", "AdvancedPenumbraItemConverter.Core\AdvancedPenumbraItemConverter.Core.csproj", "{DDDE9D03-ADB9-4FDD-92A3-2C78517E50EC}"
EndProject
Project("{FAE04EC0-301F-11D3-BF4B-00C04F79EFBC}") = "AdvancedPenumbraItemConverter.Tests", "AdvancedPenumbraItemConverter.Tests\AdvancedPenumbraItemConverter.Tests.csproj", "{2A63ABA2-D800-47DB-93A8-1554894BF8DC}"
EndProject
Global
	GlobalSection(SolutionConfigurationPlatforms) = preSolution
		Debug|x64 = Debug|x64
		Debug|Any CPU = Debug|Any CPU
		Debug|x86 = Debug|x86
		Release|x64 = Release|x64
		Release|Any CPU = Release|Any CPU
		Release|x86 = Release|x86
	EndGlobalSection
	GlobalSection(ProjectConfigurationPlatforms) = postSolution
		{A1B2C3D4-E5F6-7890-ABCD-EF1234567890}.Debug|x64.ActiveCfg = Debug|x64
		{A1B2C3D4-E5F6-7890-ABCD-EF1234567890}.Debug|x64.Build.0 = Debug|x64
		{A1B2C3D4-E5F6-7890-ABCD-EF1234567890}.Debug|Any CPU.ActiveCfg = Debug|Any CPU
		{A1B2C3D4-E5F6-7890-ABCD-EF1234567890}.Debug|Any CPU.Build.0 = Debug|Any CPU
		{A1B2C3D4-E5F6-7890-ABCD-EF1234567890}.Debug|x86.ActiveCfg = Debug|Any CPU
		{A1B2C3D4-E5F6-7890-ABCD-EF1234567890}.Debug|x86.Build.0 = Debug|Any CPU
		{A1B2C3D4-E5F6-7890-ABCD-EF1234567890}.Release|x64.ActiveCfg = Release|x64
		{A1B2C3D4-E5F6-7890-ABCD-EF1234567890}.Release|x64.Build.0 = Release|x64
		{A1B2C3D4-E5F6-7890-ABCD-EF1234567890}.Release|Any CPU.ActiveCfg = Release|Any CPU
		{A1B2C3D4-E5F6-7890-ABCD-EF1234567890}.Release|Any CPU.Build.0 = Release|Any CPU
		{A1B2C3D4-E5F6-7890-ABCD-EF1234567890}.Release|x86.ActiveCfg = Release|Any CPU
		{A1B2C3D4-E5F6-7890-ABCD-EF1234567890}.Release|x86.Build.0 = Release|Any CPU
		{DDDE9D03-ADB9-4FDD-92A3-2C78517E50EC}.Debug|x64.ActiveCfg = Debug|Any CPU
		{DDDE9D03-ADB9-4FDD-92A3-2C78517E50EC}.Debug|x64.Build.0 = Debug|Any CPU
		{DDDE9D03-ADB9-4FDD-92A3-2C78517E50EC}.Debug|Any CPU.ActiveCfg = Debug|Any CPU
		{DDDE9D03-ADB9-4FDD-92A3-2C78517E50EC}.Debug|Any CPU.Build.0 = Debug|Any CPU
		{DDDE9D03-ADB9-4FDD-92A3-2C78517E50EC}.Debug|x86.ActiveCfg = Debug|Any CPU
		{DDDE9D03-ADB9-4FDD-92A3-2C78517E50EC}.Debug|x86.Build.0 = Debug|Any CPU
		{DDDE9D03-ADB9-4FDD-92A3-2C78517E50EC}.Release|x64.ActiveCfg = Release|Any CPU
		{DDDE9D03-ADB9-4FDD-92A3-2C78517E50EC}.Release|x64.Build.0 = Release|Any CPU
		{DDDE9D03-ADB9-4FDD-92A3-2C78517E50EC}.Release|Any CPU.ActiveCfg = Release|Any CPU
		{DDDE9D03-ADB9-4FDD-92A3-2C78517E50EC}.Release|Any CPU.Build.0 = Release|Any CPU
		{DDDE9D03-ADB9-4FDD-92A3-2C78517E50EC}.Release|x86.ActiveCfg = Release|Any CPU
		{DDDE9D03-ADB9-4FDD-92A3-2C78517E50EC}.Release|x86.Build.0 = Release|Any CPU
		{2A63ABA2-D800-47DB-93A8-1554894BF8DC}.Debug|x64.ActiveCfg = Debug|Any CPU
		{2A63ABA2-D800-47DB-93A8-1554894BF8DC}.Debug|x64.Build.0 = Debug|Any CPU
		{2A63ABA2-D800-47DB-93A8-1554894BF8DC}.Debug|Any CPU.ActiveCfg = Debug|Any CPU
		{2A63ABA2-D800-47DB-93A8-1554894BF8DC}.Debug|Any CPU.Build.0 = Debug|Any CPU
		{2A63ABA2-D800-47DB-93A8-1554894BF8DC}.Debug|x86.ActiveCfg = Debug|Any CPU
		{2A63ABA2-D800-47DB-93A8-1554894BF8DC}.Debug|x86.Build.0 = Debug|Any CPU
		{2A63ABA2-D800-47DB-93A8-1554894BF8DC}.Release|x64.ActiveCfg = Release|Any CPU
		{2A63ABA2-D800-47DB-93A8-1554894BF8DC}.Release|x64.Build.0 = Release|Any CPU
		{2A63ABA2-D800-47DB-93A8-1554894BF8DC}.Release|Any CPU.ActiveCfg = Release|Any CPU
		{2A63ABA2-D800-47DB-93A8-1554894BF8DC}.Release|Any CPU.Build.0 = Release|Any CPU
		{2A63ABA2-D800-47DB-93A8-1554894BF8DC}.Release|x86.ActiveCfg = Release|Any CPU
		{2A63ABA2-D800-47DB-93A8-1554894BF8DC}.Release|x86.Build.0 = Release|Any CPU
	EndGlobalSection
	GlobalSection(SolutionProperties) = preSolution
		HideSolutionNode = FALSE
	EndGlobalSection
EndGlobal
